
Microsoft Visual Studio Solution File, Format Version 12.00
# Visual Studio 15
VisualStudioVersion = 15.0.28307.168
MinimumVisualStudioVersion = 10.0.40219.1
Project("{888888A0-9F3D-457C-B088-3A5042F75D52}") = "RaspPy", "RaspPy\RaspPy.pyproj", "{91210841-E783-4432-92E7-5C58B12FE448}"
EndProject
Global
	GlobalSection(SolutionConfigurationPlatforms) = preSolution
		Debug|Any CPU = Debug|Any CPU
		Release|Any CPU = Release|Any CPU
	EndGlobalSection
	GlobalSection(ProjectConfigurationPlatforms) = postSolution
		{91210841-E783-4432-92E7-5C58B12FE448}.Debug|Any CPU.ActiveCfg = Debug|Any CPU
		{91210841-E783-4432-92E7-5C58B12FE448}.Release|Any CPU.ActiveCfg = Release|Any CPU
	EndGlobalSection
	GlobalSection(SolutionProperties) = preSolution
		HideSolutionNode = FALSE
	EndGlobalSection
	GlobalSection(ExtensibilityGlobals) = postSolution
		SolutionGuid = {F1A4FAEB-325B-496C-A35F-A5D14F729983}
	EndGlobalSection
EndGlobal
